
Microsoft Visual Studio Solution File, Format Version 12.00
# Visual Studio Version 17
VisualStudioVersion = 17.4.33403.182
MinimumVisualStudioVersion = 10.0.40219.1
Project("{FAE04EC0-301F-11D3-BF4B-00C04F79EFBC}") = "ControlEntrada", "ControlEntrada\ControlEntrada.csproj", "{C58F8627-D64C-4F1A-9AAB-8493E98F5421}"
EndProject
Project("{FAE04EC0-301F-11D3-BF4B-00C04F79EFBC}") = "Datos", "Datos\Datos.csproj", "{0A8C09C0-DFFB-4828-B125-D8DEADA461D4}"
EndProject
Project("{FAE04EC0-301F-11D3-BF4B-00C04F79EFBC}") = "Logica", "Logica\Logica.csproj", "{8E22769F-0234-4AA4-9667-C16DCA9A4F12}"
EndProject
Global
	GlobalSection(SolutionConfigurationPlatforms) = preSolution
		Debug|Any CPU = Debug|Any CPU
		Release|Any CPU = Release|Any CPU
	EndGlobalSection
	GlobalSection(ProjectConfigurationPlatforms) = postSolution
		{C58F8627-D64C-4F1A-9AAB-8493E98F5421}.Debug|Any CPU.ActiveCfg = Debug|Any CPU
		{C58F8627-D64C-4F1A-9AAB-8493E98F5421}.Debug|Any CPU.Build.0 = Debug|Any CPU
		{C58F8627-D64C-4F1A-9AAB-8493E98F5421}.Release|Any CPU.ActiveCfg = Release|Any CPU
		{C58F8627-D64C-4F1A-9AAB-8493E98F5421}.Release|Any CPU.Build.0 = Release|Any CPU
		{0A8C09C0-DFFB-4828-B125-D8DEADA461D4}.Debug|Any CPU.ActiveCfg = Debug|Any CPU
		{0A8C09C0-DFFB-4828-B125-D8DEADA461D4}.Debug|Any CPU.Build.0 = Debug|Any CPU
		{0A8C09C0-DFFB-4828-B125-D8DEADA461D4}.Release|Any CPU.ActiveCfg = Release|Any CPU
		{0A8C09C0-DFFB-4828-B125-D8DEADA461D4}.Release|Any CPU.Build.0 = Release|Any CPU
		{8E22769F-0234-4AA4-9667-C16DCA9A4F12}.Debug|Any CPU.ActiveCfg = Debug|Any CPU
		{8E22769F-0234-4AA4-9667-C16DCA9A4F12}.Debug|Any CPU.Build.0 = Debug|Any CPU
		{8E22769F-0234-4AA4-9667-C16DCA9A4F12}.Release|Any CPU.ActiveCfg = Release|Any CPU
		{8E22769F-0234-4AA4-9667-C16DCA9A4F12}.Release|Any CPU.Build.0 = Release|Any CPU
	EndGlobalSection
	GlobalSection(SolutionProperties) = preSolution
		HideSolutionNode = FALSE
	EndGlobalSection
	GlobalSection(ExtensibilityGlobals) = postSolution
		SolutionGuid = {0E680734-4262-4CA9-AB1E-F07991B586B4}
	EndGlobalSection
EndGlobal
